// !$*UTF8*$!
{
	archiveVersion = 1;
	classes = {
	};
	objectVersion = 50;
	objects = {

/* Begin PBXBuildFile section */
		197804A32337A22C0032DD76 /* AppDelegate.swift in Sources */ = {isa = PBXBuildFile; fileRef = 197804A22337A22C0032DD76 /* AppDelegate.swift */; };
		197804A52337A22C0032DD76 /* SceneDelegate.swift in Sources */ = {isa = PBXBuildFile; fileRef = 197804A42337A22C0032DD76 /* SceneDelegate.swift */; };
		197804A72337A22C0032DD76 /* ContentView.swift in Sources */ = {isa = PBXBuildFile; fileRef = 197804A62337A22C0032DD76 /* ContentView.swift */; };
		197804A92337A22E0032DD76 /* Assets.xcassets in Resources */ = {isa = PBXBuildFile; fileRef = 197804A82337A22E0032DD76 /* Assets.xcassets */; };
		197804AC2337A22E0032DD76 /* Preview Assets.xcassets in Resources */ = {isa = PBXBuildFile; fileRef = 197804AB2337A22E0032DD76 /* Preview Assets.xcassets */; };
		197804AF2337A22E0032DD76 /* LaunchScreen.storyboard in Resources */ = {isa = PBXBuildFile; fileRef = 197804AD2337A22E0032DD76 /* LaunchScreen.storyboard */; };
/* End PBXBuildFile section */

/* Begin PBXFileReference section */
		1978049F2337A22C0032DD76 /* Groshy.app */ = {isa = PBXFileReference; explicitFileType = wrapper.application; includeInIndex = 0; path = Groshy.app; sourceTree = BUILT_PRODUCTS_DIR; };
		197804A22337A22C0032DD76 /* AppDelegate.swift */ = {isa = PBXFileReference; lastKnownFileType = sourcecode.swift; path = AppDelegate.swift; sourceTree = "<group>"; };
		197804A42337A22C0032DD76 /* SceneDelegate.swift */ = {isa = PBXFileReference; lastKnownFileType = sourcecode.swift; path = SceneDelegate.swift; sourceTree = "<group>"; };
		197804A62337A22C0032DD76 /* ContentView.swift */ = {isa = PBXFileReference; lastKnownFileType = sourcecode.swift; path = ContentView.swift; sourceTree = "<group>"; };
		197804A82337A22E0032DD76 /* Assets.xcassets */ = {isa = PBXFileReference; lastKnownFileType = folder.assetcatalog; path = Assets.xcassets; sourceTree = "<group>"; };
		197804AB2337A22E0032DD76 /* Preview Assets.xcassets */ = {isa = PBXFileReference; lastKnownFileType = folder.assetcatalog; path = "Preview Assets.xcassets"; sourceTree = "<group>"; };
		197804AE2337A22E0032DD76 /* Base */ = {isa = PBXFileReference; lastKnownFileType = file.storyboard; name = Base; path = Base.lproj/LaunchScreen.storyboard; sourceTree = "<group>"; };
		197804B02337A22E0032DD76 /* Info.plist */ = {isa = PBXFileReference; lastKnownFileType = text.plist.xml; path = Info.plist; sourceTree = "<group>"; };
/* End PBXFileReference section */

/* Begin PBXFrameworksBuildPhase section */
		1978049C2337A22C0032DD76 /* Frameworks */ = {
			isa = PBXFrameworksBuildPhase;
			buildActionMask = 2147483647;
			files = (
			);
			runOnlyForDeploymentPostprocessing = 0;
		};
/* End PBXFrameworksBuildPhase section */

/* Begin PBXGroup section */
		197804962337A22C0032DD76 = {
			isa = PBXGroup;
			children = (
				197804A12337A22C0032DD76 /* Groshy */,
				197804A02337A22C0032DD76 /* Products */,
			);
			sourceTree = "<group>";
		};
		197804A02337A22C0032DD76 /* Products */ = {
			isa = PBXGroup;
			children = (
				1978049F2337A22C0032DD76 /* Groshy.app */,
			);
			name = Products;
			sourceTree = "<group>";
		};
		197804A12337A22C0032DD76 /* Groshy */ = {
			isa = PBXGroup;
			children = (
				197804A22337A22C0032DD76 /* AppDelegate.swift */,
				197804A42337A22C0032DD76 /* SceneDelegate.swift */,
				197804A62337A22C0032DD76 /* ContentView.swift */,
				197804A82337A22E0032DD76 /* Assets.xcassets */,
				197804AD2337A22E0032DD76 /* LaunchScreen.storyboard */,
				197804B02337A22E0032DD76 /* Info.plist */,
				197804AA2337A22E0032DD76 /* Preview Content */,
			);
			path = Groshy;
			sourceTree = "<group>";
		};
		197804AA2337A22E0032DD76 /* Preview Content */ = {
			isa = PBXGroup;
			children = (
				197804AB2337A22E0032DD76 /* Preview Assets.xcassets */,
			);
			path = "Preview Content";
			sourceTree = "<group>";
		};
/* End PBXGroup section */

/* Begin PBXNativeTarget section */
		1978049E2337A22C0032DD76 /* Groshy */ = {
			isa = PBXNativeTarget;
			buildConfigurationList = 197804B32337A22E0032DD76 /* Build configuration list for PBXNativeTarget "Groshy" */;
			buildPhases = (
				1978049B2337A22C0032DD76 /* Sources */,
				1978049C2337A22C0032DD76 /* Frameworks */,
				1978049D2337A22C0032DD76 /* Resources */,
			);
			buildRules = (
			);
			dependencies = (
			);
			name = Groshy;
			productName = Groshy;
			productReference = 1978049F2337A22C0032DD76 /* Groshy.app */;
			productType = "com.apple.product-type.application";
		};
/* End PBXNativeTarget section */

/* Begin PBXProject section */
		197804972337A22C0032DD76 /* Project object */ = {
			isa = PBXProject;
			attributes = {
				LastSwiftUpdateCheck = 1100;
				LastUpgradeCheck = 1100;
				ORGANIZATIONNAME = "Dmitry Ivanenko";
				TargetAttributes = {
					1978049E2337A22C0032DD76 = {
						CreatedOnToolsVersion = 11.0;
					};
				};
			};
			buildConfigurationList = 1978049A2337A22C0032DD76 /* Build configuration list for PBXProject "Groshy" */;
			compatibilityVersion = "Xcode 9.3";
			developmentRegion = en;
			hasScannedForEncodings = 0;
			knownRegions = (
				en,
				Base,
			);
			mainGroup = 197804962337A22C0032DD76;
			productRefGroup = 197804A02337A22C0032DD76 /* Products */;
			projectDirPath = "";
			projectRoot = "";
			targets = (
				1978049E2337A22C0032DD76 /* Groshy */,
			);
		};
/* End PBXProject section */

/* Begin PBXResourcesBuildPhase section */
		1978049D2337A22C0032DD76 /* Resources */ = {
			isa = PBXResourcesBuildPhase;
			buildActionMask = 2147483647;
			files = (
				197804AF2337A22E0032DD76 /* LaunchScreen.storyboard in Resources */,
				197804AC2337A22E0032DD76 /* Preview Assets.xcassets in Resources */,
				197804A92337A22E0032DD76 /* Assets.xcassets in Resources */,
			);
			runOnlyForDeploymentPostprocessing = 0;
		};
/* End PBXResourcesBuildPhase section */

/* Begin PBXSourcesBuildPhase section */
		1978049B2337A22C0032DD76 /* Sources */ = {
			isa = PBXSourcesBuildPhase;
			buildActionMask = 2147483647;
			files = (
				197804A32337A22C0032DD76 /* AppDelegate.swift in Sources */,
				197804A52337A22C0032DD76 /* SceneDelegate.swift in Sources */,
				197804A72337A22C0032DD76 /* ContentView.swift in Sources */,
			);
			runOnlyForDeploymentPostprocessing = 0;
		};
/* End PBXSourcesBuildPhase section */

/* Begin PBXVariantGroup section */
		197804AD2337A22E0032DD76 /* LaunchScreen.storyboard */ = {
			isa = PBXVariantGroup;
			children = (
				197804AE2337A22E0032DD76 /* Base */,
			);
			name = LaunchScreen.storyboard;
			sourceTree = "<group>";
		};
/* End PBXVariantGroup section */

/* Begin XCBuildConfiguration section */
		197804B12337A22E0032DD76 /* Debug */ = {
			isa = XCBuildConfiguration;
			buildSettings = {
				ALWAYS_SEARCH_USER_PATHS = NO;
				CLANG_ANALYZER_NONNULL = YES;
				CLANG_ANALYZER_NUMBER_OBJECT_CONVERSION = YES_AGGRESSIVE;
				CLANG_CXX_LANGUAGE_STANDARD = "gnu++14";
				CLANG_CXX_LIBRARY = "libc++";
				CLANG_ENABLE_MODULES = YES;
				CLANG_ENABLE_OBJC_ARC = YES;
				CLANG_ENABLE_OBJC_WEAK = YES;
				CLANG_WARN_BLOCK_CAPTURE_AUTORELEASING = YES;
				CLANG_WARN_BOOL_CONVERSION = YES;
				CLANG_WARN_COMMA = YES;
				CLANG_WARN_CONSTANT_CONVERSION = YES;
				CLANG_WARN_DEPRECATED_OBJC_IMPLEMENTATIONS = YES;
				CLANG_WARN_DIRECT_OBJC_ISA_USAGE = YES_ERROR;
				CLANG_WARN_DOCUMENTATION_COMMENTS = YES;
				CLANG_WARN_EMPTY_BODY = YES;
				CLANG_WARN_ENUM_CONVERSION = YES;
				CLANG_WARN_INFINITE_RECURSION = YES;
				CLANG_WARN_INT_CONVERSION = YES;
				CLANG_WARN_NON_LITERAL_NULL_CONVERSION = YES;
				CLANG_WARN_OBJC_IMPLICIT_RETAIN_SELF = YES;
				CLANG_WARN_OBJC_LITERAL_CONVERSION = YES;
				CLANG_WARN_OBJC_ROOT_CLASS = YES_ERROR;
				CLANG_WARN_RANGE_LOOP_ANALYSIS = YES;
				CLANG_WARN_STRICT_PROTOTYPES = YES;
				CLANG_WARN_SUSPICIOUS_MOVE = YES;
				CLANG_WARN_UNGUARDED_AVAILABILITY = YES_AGGRESSIVE;
				CLANG_WARN_UNREACHABLE_CODE = YES;
				CLANG_WARN__DUPLICATE_METHOD_MATCH = YES;
				COPY_PHASE_STRIP = NO;
				DEBUG_INFORMATION_FORMAT = dwarf;
				ENABLE_STRICT_OBJC_MSGSEND = YES;
				ENABLE_TESTABILITY = YES;
				GCC_C_LANGUAGE_STANDARD = gnu11;
				GCC_DYNAMIC_NO_PIC = NO;
				GCC_NO_COMMON_BLOCKS = YES;
				GCC_OPTIMIZATION_LEVEL = 0;
				GCC_PREPROCESSOR_DEFINITIONS = (
					"DEBUG=1",
					"$(inherited)",
				);
				GCC_WARN_64_TO_32_BIT_CONVERSION = YES;
				GCC_WARN_ABOUT_RETURN_TYPE = YES_ERROR;
				GCC_WARN_UNDECLARED_SELECTOR = YES;
				GCC_WARN_UNINITIALIZED_AUTOS = YES_AGGRESSIVE;
				GCC_WARN_UNUSED_FUNCTION = YES;
				GCC_WARN_UNUSED_VARIABLE = YES;
				IPHONEOS_DEPLOYMENT_TARGET = 13.0;
				MTL_ENABLE_DEBUG_INFO = INCLUDE_SOURCE;
				MTL_FAST_MATH = YES;
				ONLY_ACTIVE_ARCH = YES;
				SDKROOT = iphoneos;
				SWIFT_ACTIVE_COMPILATION_CONDITIONS = DEBUG;
				SWIFT_OPTIMIZATION_LEVEL = "-Onone";
			};
			name = Debug;
		};
		197804B22337A22E0032DD76 /* Release */ = {
			isa = XCBuildConfiguration;
			buildSettings = {
				ALWAYS_SEARCH_USER_PATHS = NO;
				CLANG_ANALYZER_NONNULL = YES;
				CLANG_ANALYZER_NUMBER_OBJECT_CONVERSION = YES_AGGRESSIVE;
				CLANG_CXX_LANGUAGE_STANDARD = "gnu++14";
				CLANG_CXX_LIBRARY = "libc++";
				CLANG_ENABLE_MODULES = YES;
				CLANG_ENABLE_OBJC_ARC = YES;
				CLANG_ENABLE_OBJC_WEAK = YES;
				CLANG_WARN_BLOCK_CAPTURE_AUTORELEASING = YES;
				CLANG_WARN_BOOL_CONVERSION = YES;
				CLANG_WARN_COMMA = YES;
				CLANG_WARN_CONSTANT_CONVERSION = YES;
				CLANG_WARN_DEPRECATED_OBJC_IMPLEMENTATIONS = YES;
				CLANG_WARN_DIRECT_OBJC_ISA_USAGE = YES_ERROR;
				CLANG_WARN_DOCUMENTATION_COMMENTS = YES;
				CLANG_WARN_EMPTY_BODY = YES;
				CLANG_WARN_ENUM_CONVERSION = YES;
				CLANG_WARN_INFINITE_RECURSION = YES;
				CLANG_WARN_INT_CONVERSION = YES;
				CLANG_WARN_NON_LITERAL_NULL_CONVERSION = YES;
				CLANG_WARN_OBJC_IMPLICIT_RETAIN_SELF = YES;
				CLANG_WARN_OBJC_LITERAL_CONVERSION = YES;
				CLANG_WARN_OBJC_ROOT_CLASS = YES_ERROR;
				CLANG_WARN_RANGE_LOOP_ANALYSIS = YES;
				CLANG_WARN_STRICT_PROTOTYPES = YES;
				CLANG_WARN_SUSPICIOUS_MOVE = YES;
				CLANG_WARN_UNGUARDED_AVAILABILITY = YES_AGGRESSIVE;
				CLANG_WARN_UNREACHABLE_CODE = YES;
				CLANG_WARN__DUPLICATE_METHOD_MATCH = YES;
				COPY_PHASE_STRIP = NO;
				DEBUG_INFORMATION_FORMAT = "dwarf-with-dsym";
				ENABLE_NS_ASSERTIONS = NO;
				ENABLE_STRICT_OBJC_MSGSEND = YES;
				GCC_C_LANGUAGE_STANDARD = gnu11;
				GCC_NO_COMMON_BLOCKS = YES;
				GCC_WARN_64_TO_32_BIT_CONVERSION = YES;
				GCC_WARN_ABOUT_RETURN_TYPE = YES_ERROR;
				GCC_WARN_UNDECLARED_SELECTOR = YES;
				GCC_WARN_UNINITIALIZED_AUTOS = YES_AGGRESSIVE;
				GCC_WARN_UNUSED_FUNCTION = YES;
				GCC_WARN_UNUSED_VARIABLE = YES;
				IPHONEOS_DEPLOYMENT_TARGET = 13.0;
				MTL_ENABLE_DEBUG_INFO = NO;
				MTL_FAST_MATH = YES;
				SDKROOT = iphoneos;
				SWIFT_COMPILATION_MODE = wholemodule;
				SWIFT_OPTIMIZATION_LEVEL = "-O";
				VALIDATE_PRODUCT = YES;
			};
			name = Release;
		};
		197804B42337A22E0032DD76 /* Debug */ = {
			isa = XCBuildConfiguration;
			buildSettings = {
				ASSETCATALOG_COMPILER_APPICON_NAME = AppIcon;
				CODE_SIGN_STYLE = Automatic;
				DEVELOPMENT_ASSET_PATHS = "\"Groshy/Preview Content\"";
				DEVELOPMENT_TEAM = EP4DBFYCG5;
				ENABLE_PREVIEWS = YES;
				INFOPLIST_FILE = Groshy/Info.plist;
				LD_RUNPATH_SEARCH_PATHS = (
					"$(inherited)",
					"@executable_path/Frameworks",
				);
				PRODUCT_BUNDLE_IDENTIFIER = groshy.io.Groshy;
				PRODUCT_NAME = "$(TARGET_NAME)";
				SWIFT_VERSION = 5.0;
				TARGETED_DEVICE_FAMILY = "1,2";
			};
			name = Debug;
		};
		197804B52337A22E0032DD76 /* Release */ = {
			isa = XCBuildConfiguration;
			buildSettings = {
				ASSETCATALOG_COMPILER_APPICON_NAME = AppIcon;
				CODE_SIGN_STYLE = Automatic;
				DEVELOPMENT_ASSET_PATHS = "\"Groshy/Preview Content\"";
				DEVELOPMENT_TEAM = EP4DBFYCG5;
				ENABLE_PREVIEWS = YES;
				INFOPLIST_FILE = Groshy/Info.plist;
				LD_RUNPATH_SEARCH_PATHS = (
					"$(inherited)",
					"@executable_path/Frameworks",
				);
				PRODUCT_BUNDLE_IDENTIFIER = groshy.io.Groshy;
				PRODUCT_NAME = "$(TARGET_NAME)";
				SWIFT_VERSION = 5.0;
				TARGETED_DEVICE_FAMILY = "1,2";
			};
			name = Release;
		};
/* End XCBuildConfiguration section */

/* Begin XCConfigurationList section */
		1978049A2337A22C0032DD76 /* Build configuration list for PBXProject "Groshy" */ = {
			isa = XCConfigurationList;
			buildConfigurations = (
				197804B12337A22E0032DD76 /* Debug */,
				197804B22337A22E0032DD76 /* Release */,
			);
			defaultConfigurationIsVisible = 0;
			defaultConfigurationName = Release;
		};
		197804B32337A22E0032DD76 /* Build configuration list for PBXNativeTarget "Groshy" */ = {
			isa = XCConfigurationList;
			buildConfigurations = (
				197804B42337A22E0032DD76 /* Debug */,
				197804B52337A22E0032DD76 /* Release */,
			);
			defaultConfigurationIsVisible = 0;
			defaultConfigurationName = Release;
		};
/* End XCConfigurationList section */
	};
	rootObject = 197804972337A22C0032DD76 /* Project object */;
}
