// !$*UTF8*$!
{
	archiveVersion = 1;
	classes = {
	};
	objectVersion = 52;
	objects = {

/* Begin PBXBuildFile section */
		1909F79C2337A5EE002998CF /* HomeView.swift in Sources */ = {isa = PBXBuildFile; fileRef = 1909F79B2337A5EE002998CF /* HomeView.swift */; };
		1909F79F2337A66A002998CF /* KeyboardView.swift in Sources */ = {isa = PBXBuildFile; fileRef = 1909F79E2337A66A002998CF /* KeyboardView.swift */; };
		1909F7A22337B095002998CF /* CurrentTransactionValueView.swift in Sources */ = {isa = PBXBuildFile; fileRef = 1909F7A12337B095002998CF /* CurrentTransactionValueView.swift */; };
		1909F7A52337F310002998CF /* Colors.swift in Sources */ = {isa = PBXBuildFile; fileRef = 1909F7A42337F30F002998CF /* Colors.swift */; };
		1909F7A72337F6B4002998CF /* Images.swift in Sources */ = {isa = PBXBuildFile; fileRef = 1909F7A62337F6B4002998CF /* Images.swift */; };
		1909F7AA2338C15A002998CF /* DigitButton.swift in Sources */ = {isa = PBXBuildFile; fileRef = 1909F7A92338C15A002998CF /* DigitButton.swift */; };
		1909F7AC2338C242002998CF /* DeleteButton.swift in Sources */ = {isa = PBXBuildFile; fileRef = 1909F7AB2338C242002998CF /* DeleteButton.swift */; };
		1909F7AF2338C339002998CF /* ImageButton.swift in Sources */ = {isa = PBXBuildFile; fileRef = 1909F7AE2338C339002998CF /* ImageButton.swift */; };
		1909F7B12338C4E6002998CF /* BigPrimaryButton.swift in Sources */ = {isa = PBXBuildFile; fileRef = 1909F7B02338C4E6002998CF /* BigPrimaryButton.swift */; };
		1909F7B32338C7BF002998CF /* AddHashtagButton.swift in Sources */ = {isa = PBXBuildFile; fileRef = 1909F7B22338C7BF002998CF /* AddHashtagButton.swift */; };
		192166952351E330001EFAE3 /* TransactionsFeature.swift in Sources */ = {isa = PBXBuildFile; fileRef = 192166942351E330001EFAE3 /* TransactionsFeature.swift */; };
		192166972351E359001EFAE3 /* TransactionsActions.swift in Sources */ = {isa = PBXBuildFile; fileRef = 192166962351E359001EFAE3 /* TransactionsActions.swift */; };
		192166992351E3AD001EFAE3 /* Transaction.swift in Sources */ = {isa = PBXBuildFile; fileRef = 192166982351E3AD001EFAE3 /* Transaction.swift */; };
		1921669B2351E3F9001EFAE3 /* Hashtag.swift in Sources */ = {isa = PBXBuildFile; fileRef = 1921669A2351E3F9001EFAE3 /* Hashtag.swift */; };
		1921669D2351E457001EFAE3 /* TransactionFilter.swift in Sources */ = {isa = PBXBuildFile; fileRef = 1921669C2351E457001EFAE3 /* TransactionFilter.swift */; };
		1921669F2351E780001EFAE3 /* TransactionsReducer.swift in Sources */ = {isa = PBXBuildFile; fileRef = 1921669E2351E780001EFAE3 /* TransactionsReducer.swift */; };
		192166A12351E7A8001EFAE3 /* TransactionsState.swift in Sources */ = {isa = PBXBuildFile; fileRef = 192166A02351E7A8001EFAE3 /* TransactionsState.swift */; };
		192166A323520A0E001EFAE3 /* NumberFormatter+Currency.swift in Sources */ = {isa = PBXBuildFile; fileRef = 192166A223520A0E001EFAE3 /* NumberFormatter+Currency.swift */; };
		192166A523525557001EFAE3 /* HomeHeaderViewComponent.swift in Sources */ = {isa = PBXBuildFile; fileRef = 192166A423525557001EFAE3 /* HomeHeaderViewComponent.swift */; };
		192166A8235264A2001EFAE3 /* HashtagsFeature.swift in Sources */ = {isa = PBXBuildFile; fileRef = 192166A7235264A2001EFAE3 /* HashtagsFeature.swift */; };
		192166AA235264C0001EFAE3 /* HashtagsState.swift in Sources */ = {isa = PBXBuildFile; fileRef = 192166A9235264C0001EFAE3 /* HashtagsState.swift */; };
		192166AC23526532001EFAE3 /* HashtagsActions.swift in Sources */ = {isa = PBXBuildFile; fileRef = 192166AB23526532001EFAE3 /* HashtagsActions.swift */; };
		192166AE23526877001EFAE3 /* HashtagsReducer.swift in Sources */ = {isa = PBXBuildFile; fileRef = 192166AD23526877001EFAE3 /* HashtagsReducer.swift */; };
		192166B123526E3D001EFAE3 /* AddHashtagViewComponent.swift in Sources */ = {isa = PBXBuildFile; fileRef = 192166B023526E3D001EFAE3 /* AddHashtagViewComponent.swift */; };
		192166B3235375C7001EFAE3 /* AdaptsToSoftwareKeyboard.swift in Sources */ = {isa = PBXBuildFile; fileRef = 192166B2235375C7001EFAE3 /* AdaptsToSoftwareKeyboard.swift */; };
		192166B5235377AB001EFAE3 /* CustomTextField.swift in Sources */ = {isa = PBXBuildFile; fileRef = 192166B4235377AB001EFAE3 /* CustomTextField.swift */; };
		192166B7235392D1001EFAE3 /* HashtagView.swift in Sources */ = {isa = PBXBuildFile; fileRef = 192166B6235392D1001EFAE3 /* HashtagView.swift */; };
		1930B77E23455024003C481C /* HomeBottomViewComponent.swift in Sources */ = {isa = PBXBuildFile; fileRef = 1930B77D23455024003C481C /* HomeBottomViewComponent.swift */; };
		1930B78123455234003C481C /* CategoriesGridViewComponent.swift in Sources */ = {isa = PBXBuildFile; fileRef = 1930B78023455234003C481C /* CategoriesGridViewComponent.swift */; };
		1930B783234552B0003C481C /* CategoriesGridCellComponent.swift in Sources */ = {isa = PBXBuildFile; fileRef = 1930B782234552B0003C481C /* CategoriesGridCellComponent.swift */; };
		193D5AD723427AF000E0FB19 /* Fonts.swift in Sources */ = {isa = PBXBuildFile; fileRef = 193D5ACB23427AF000E0FB19 /* Fonts.swift */; };
		193D5AD823427AF000E0FB19 /* Rubik-MediumItalic.ttf in Resources */ = {isa = PBXBuildFile; fileRef = 193D5ACD23427AF000E0FB19 /* Rubik-MediumItalic.ttf */; };
		193D5AD923427AF000E0FB19 /* Rubik-Bold.ttf in Resources */ = {isa = PBXBuildFile; fileRef = 193D5ACE23427AF000E0FB19 /* Rubik-Bold.ttf */; };
		193D5ADA23427AF000E0FB19 /* Rubik-Light.ttf in Resources */ = {isa = PBXBuildFile; fileRef = 193D5ACF23427AF000E0FB19 /* Rubik-Light.ttf */; };
		193D5ADB23427AF000E0FB19 /* Rubik-Medium.ttf in Resources */ = {isa = PBXBuildFile; fileRef = 193D5AD023427AF000E0FB19 /* Rubik-Medium.ttf */; };
		193D5ADC23427AF000E0FB19 /* Rubik-Black.ttf in Resources */ = {isa = PBXBuildFile; fileRef = 193D5AD123427AF000E0FB19 /* Rubik-Black.ttf */; };
		193D5ADD23427AF000E0FB19 /* Rubik-Italic.ttf in Resources */ = {isa = PBXBuildFile; fileRef = 193D5AD223427AF000E0FB19 /* Rubik-Italic.ttf */; };
		193D5ADE23427AF000E0FB19 /* Rubik-LightItalic.ttf in Resources */ = {isa = PBXBuildFile; fileRef = 193D5AD323427AF000E0FB19 /* Rubik-LightItalic.ttf */; };
		193D5ADF23427AF000E0FB19 /* Rubik-BlackItalic.ttf in Resources */ = {isa = PBXBuildFile; fileRef = 193D5AD423427AF000E0FB19 /* Rubik-BlackItalic.ttf */; };
		193D5AE023427AF000E0FB19 /* Rubik-Regular.ttf in Resources */ = {isa = PBXBuildFile; fileRef = 193D5AD523427AF000E0FB19 /* Rubik-Regular.ttf */; };
		193D5AE123427AF000E0FB19 /* Rubik-BoldItalic.ttf in Resources */ = {isa = PBXBuildFile; fileRef = 193D5AD623427AF000E0FB19 /* Rubik-BoldItalic.ttf */; };
		194A9B88234A18CE003F4C6A /* Category.swift in Sources */ = {isa = PBXBuildFile; fileRef = 194A9B87234A18CE003F4C6A /* Category.swift */; };
		194A9B8A234A198D003F4C6A /* CategoryIcon.swift in Sources */ = {isa = PBXBuildFile; fileRef = 194A9B89234A198D003F4C6A /* CategoryIcon.swift */; };
		194C245F236247A9008B8C5A /* AddCategoryViewComponent.swift in Sources */ = {isa = PBXBuildFile; fileRef = 194C245E236247A9008B8C5A /* AddCategoryViewComponent.swift */; };
		194C24852363A90F008B8C5A /* AddCategoryIconGridView.swift in Sources */ = {isa = PBXBuildFile; fileRef = 194C24842363A90F008B8C5A /* AddCategoryIconGridView.swift */; };
		194C24872363A99C008B8C5A /* AddCategoryStyleGridView.swift in Sources */ = {isa = PBXBuildFile; fileRef = 194C24862363A99C008B8C5A /* AddCategoryStyleGridView.swift */; };
		194C248A23649396008B8C5A /* StatisticsViewComponent.swift in Sources */ = {isa = PBXBuildFile; fileRef = 194C248923649396008B8C5A /* StatisticsViewComponent.swift */; };
		197093D02357BEDF005C3681 /* CategoriesGridAddButton.swift in Sources */ = {isa = PBXBuildFile; fileRef = 197093CF2357BEDF005C3681 /* CategoriesGridAddButton.swift */; };
		197093D823721D02005C3681 /* ServiceLocator.swift in Sources */ = {isa = PBXBuildFile; fileRef = 197093D723721D02005C3681 /* ServiceLocator.swift */; };
		197093DA23721F84005C3681 /* KeychainService.swift in Sources */ = {isa = PBXBuildFile; fileRef = 197093D923721F84005C3681 /* KeychainService.swift */; };
		197093DD23721FA3005C3681 /* KeychainAccess in Frameworks */ = {isa = PBXBuildFile; productRef = 197093DC23721FA3005C3681 /* KeychainAccess */; };
		197804A32337A22C0032DD76 /* AppDelegate.swift in Sources */ = {isa = PBXBuildFile; fileRef = 197804A22337A22C0032DD76 /* AppDelegate.swift */; };
		197804A52337A22C0032DD76 /* SceneDelegate.swift in Sources */ = {isa = PBXBuildFile; fileRef = 197804A42337A22C0032DD76 /* SceneDelegate.swift */; };
		197804A92337A22E0032DD76 /* Assets.xcassets in Resources */ = {isa = PBXBuildFile; fileRef = 197804A82337A22E0032DD76 /* Assets.xcassets */; };
		197804AC2337A22E0032DD76 /* Preview Assets.xcassets in Resources */ = {isa = PBXBuildFile; fileRef = 197804AB2337A22E0032DD76 /* Preview Assets.xcassets */; };
		197804AF2337A22E0032DD76 /* LaunchScreen.storyboard in Resources */ = {isa = PBXBuildFile; fileRef = 197804AD2337A22E0032DD76 /* LaunchScreen.storyboard */; };
		198F961E236C86E800A5B6B5 /* HomeContainerView.swift in Sources */ = {isa = PBXBuildFile; fileRef = 198F961D236C86E800A5B6B5 /* HomeContainerView.swift */; };
		198F9620236C8A2F00A5B6B5 /* StatisticsView.swift in Sources */ = {isa = PBXBuildFile; fileRef = 198F961F236C8A2F00A5B6B5 /* StatisticsView.swift */; };
		19CFD33223428D5B00D5A347 /* SwiftUIFlux in Frameworks */ = {isa = PBXBuildFile; productRef = 19CFD33123428D5B00D5A347 /* SwiftUIFlux */; };
		19CFD33923428FC800D5A347 /* AppFeature.swift in Sources */ = {isa = PBXBuildFile; fileRef = 19CFD33823428FC800D5A347 /* AppFeature.swift */; };
		19CFD33B2342902E00D5A347 /* AppAction.swift in Sources */ = {isa = PBXBuildFile; fileRef = 19CFD33A2342902E00D5A347 /* AppAction.swift */; };
		19CFD33E234290E500D5A347 /* LoggingMiddleware.swift in Sources */ = {isa = PBXBuildFile; fileRef = 19CFD33D234290E500D5A347 /* LoggingMiddleware.swift */; };
		19CFD3402342912500D5A347 /* AppReducer.swift in Sources */ = {isa = PBXBuildFile; fileRef = 19CFD33F2342912500D5A347 /* AppReducer.swift */; };
		19CFD342234292C800D5A347 /* AppState.swift in Sources */ = {isa = PBXBuildFile; fileRef = 19CFD341234292C800D5A347 /* AppState.swift */; };
		19CFD3462342A00D00D5A347 /* KeyboardFeature.swift in Sources */ = {isa = PBXBuildFile; fileRef = 19CFD3452342A00D00D5A347 /* KeyboardFeature.swift */; };
		19CFD3482342A03900D5A347 /* KeyboardActions.swift in Sources */ = {isa = PBXBuildFile; fileRef = 19CFD3472342A03900D5A347 /* KeyboardActions.swift */; };
		19CFD34A2342A36300D5A347 /* KeyboardReducer.swift in Sources */ = {isa = PBXBuildFile; fileRef = 19CFD3492342A36300D5A347 /* KeyboardReducer.swift */; };
		19CFD34C2342A39000D5A347 /* KeyboardState.swift in Sources */ = {isa = PBXBuildFile; fileRef = 19CFD34B2342A39000D5A347 /* KeyboardState.swift */; };
		19DEA0B8234D36B80075552C /* ScaledButtonStyle.swift in Sources */ = {isa = PBXBuildFile; fileRef = 19DEA0B7234D36B80075552C /* ScaledButtonStyle.swift */; };
		19DEB40F234A1DBD004048D3 /* CategoryStyle.swift in Sources */ = {isa = PBXBuildFile; fileRef = 19DEB40E234A1DBD004048D3 /* CategoryStyle.swift */; };
		19DEB412234A1E66004048D3 /* CategoriesFeature.swift in Sources */ = {isa = PBXBuildFile; fileRef = 19DEB411234A1E66004048D3 /* CategoriesFeature.swift */; };
		19DEB414234A1E9D004048D3 /* CategoriesState.swift in Sources */ = {isa = PBXBuildFile; fileRef = 19DEB413234A1E9D004048D3 /* CategoriesState.swift */; };
		19DEB416234A1F05004048D3 /* CategoriesActions.swift in Sources */ = {isa = PBXBuildFile; fileRef = 19DEB415234A1F05004048D3 /* CategoriesActions.swift */; };
		19DEB418234A2104004048D3 /* CategoriesReducer.swift in Sources */ = {isa = PBXBuildFile; fileRef = 19DEB417234A2104004048D3 /* CategoriesReducer.swift */; };
		19DEB41B234A21F3004048D3 /* Array+Normalization.swift in Sources */ = {isa = PBXBuildFile; fileRef = 19DEB41A234A21F3004048D3 /* Array+Normalization.swift */; };
		19F6C0B5234D1A8C001352C7 /* Array+Chunked.swift in Sources */ = {isa = PBXBuildFile; fileRef = 19F6C0B4234D1A8C001352C7 /* Array+Chunked.swift */; };
/* End PBXBuildFile section */

/* Begin PBXFileReference section */
		1909F79B2337A5EE002998CF /* HomeView.swift */ = {isa = PBXFileReference; lastKnownFileType = sourcecode.swift; path = HomeView.swift; sourceTree = "<group>"; };
		1909F79E2337A66A002998CF /* KeyboardView.swift */ = {isa = PBXFileReference; lastKnownFileType = sourcecode.swift; path = KeyboardView.swift; sourceTree = "<group>"; };
		1909F7A12337B095002998CF /* CurrentTransactionValueView.swift */ = {isa = PBXFileReference; lastKnownFileType = sourcecode.swift; path = CurrentTransactionValueView.swift; sourceTree = "<group>"; };
		1909F7A42337F30F002998CF /* Colors.swift */ = {isa = PBXFileReference; lastKnownFileType = sourcecode.swift; path = Colors.swift; sourceTree = "<group>"; };
		1909F7A62337F6B4002998CF /* Images.swift */ = {isa = PBXFileReference; lastKnownFileType = sourcecode.swift; path = Images.swift; sourceTree = "<group>"; };
		1909F7A92338C15A002998CF /* DigitButton.swift */ = {isa = PBXFileReference; lastKnownFileType = sourcecode.swift; path = DigitButton.swift; sourceTree = "<group>"; };
		1909F7AB2338C242002998CF /* DeleteButton.swift */ = {isa = PBXFileReference; lastKnownFileType = sourcecode.swift; path = DeleteButton.swift; sourceTree = "<group>"; };
		1909F7AE2338C339002998CF /* ImageButton.swift */ = {isa = PBXFileReference; lastKnownFileType = sourcecode.swift; path = ImageButton.swift; sourceTree = "<group>"; };
		1909F7B02338C4E6002998CF /* BigPrimaryButton.swift */ = {isa = PBXFileReference; lastKnownFileType = sourcecode.swift; path = BigPrimaryButton.swift; sourceTree = "<group>"; };
		1909F7B22338C7BF002998CF /* AddHashtagButton.swift */ = {isa = PBXFileReference; lastKnownFileType = sourcecode.swift; path = AddHashtagButton.swift; sourceTree = "<group>"; };
		192166942351E330001EFAE3 /* TransactionsFeature.swift */ = {isa = PBXFileReference; lastKnownFileType = sourcecode.swift; path = TransactionsFeature.swift; sourceTree = "<group>"; };
		192166962351E359001EFAE3 /* TransactionsActions.swift */ = {isa = PBXFileReference; lastKnownFileType = sourcecode.swift; path = TransactionsActions.swift; sourceTree = "<group>"; };
		192166982351E3AD001EFAE3 /* Transaction.swift */ = {isa = PBXFileReference; lastKnownFileType = sourcecode.swift; path = Transaction.swift; sourceTree = "<group>"; };
		1921669A2351E3F9001EFAE3 /* Hashtag.swift */ = {isa = PBXFileReference; lastKnownFileType = sourcecode.swift; path = Hashtag.swift; sourceTree = "<group>"; };
		1921669C2351E457001EFAE3 /* TransactionFilter.swift */ = {isa = PBXFileReference; lastKnownFileType = sourcecode.swift; path = TransactionFilter.swift; sourceTree = "<group>"; };
		1921669E2351E780001EFAE3 /* TransactionsReducer.swift */ = {isa = PBXFileReference; lastKnownFileType = sourcecode.swift; path = TransactionsReducer.swift; sourceTree = "<group>"; };
		192166A02351E7A8001EFAE3 /* TransactionsState.swift */ = {isa = PBXFileReference; lastKnownFileType = sourcecode.swift; path = TransactionsState.swift; sourceTree = "<group>"; };
		192166A223520A0E001EFAE3 /* NumberFormatter+Currency.swift */ = {isa = PBXFileReference; lastKnownFileType = sourcecode.swift; path = "NumberFormatter+Currency.swift"; sourceTree = "<group>"; };
		192166A423525557001EFAE3 /* HomeHeaderViewComponent.swift */ = {isa = PBXFileReference; lastKnownFileType = sourcecode.swift; path = HomeHeaderViewComponent.swift; sourceTree = "<group>"; };
		192166A7235264A2001EFAE3 /* HashtagsFeature.swift */ = {isa = PBXFileReference; lastKnownFileType = sourcecode.swift; path = HashtagsFeature.swift; sourceTree = "<group>"; };
		192166A9235264C0001EFAE3 /* HashtagsState.swift */ = {isa = PBXFileReference; lastKnownFileType = sourcecode.swift; path = HashtagsState.swift; sourceTree = "<group>"; };
		192166AB23526532001EFAE3 /* HashtagsActions.swift */ = {isa = PBXFileReference; lastKnownFileType = sourcecode.swift; path = HashtagsActions.swift; sourceTree = "<group>"; };
		192166AD23526877001EFAE3 /* HashtagsReducer.swift */ = {isa = PBXFileReference; lastKnownFileType = sourcecode.swift; path = HashtagsReducer.swift; sourceTree = "<group>"; };
		192166B023526E3D001EFAE3 /* AddHashtagViewComponent.swift */ = {isa = PBXFileReference; lastKnownFileType = sourcecode.swift; path = AddHashtagViewComponent.swift; sourceTree = "<group>"; };
		192166B2235375C7001EFAE3 /* AdaptsToSoftwareKeyboard.swift */ = {isa = PBXFileReference; lastKnownFileType = sourcecode.swift; path = AdaptsToSoftwareKeyboard.swift; sourceTree = "<group>"; };
		192166B4235377AB001EFAE3 /* CustomTextField.swift */ = {isa = PBXFileReference; lastKnownFileType = sourcecode.swift; path = CustomTextField.swift; sourceTree = "<group>"; };
		192166B6235392D1001EFAE3 /* HashtagView.swift */ = {isa = PBXFileReference; lastKnownFileType = sourcecode.swift; path = HashtagView.swift; sourceTree = "<group>"; };
		1930B77D23455024003C481C /* HomeBottomViewComponent.swift */ = {isa = PBXFileReference; lastKnownFileType = sourcecode.swift; path = HomeBottomViewComponent.swift; sourceTree = "<group>"; };
		1930B78023455234003C481C /* CategoriesGridViewComponent.swift */ = {isa = PBXFileReference; lastKnownFileType = sourcecode.swift; path = CategoriesGridViewComponent.swift; sourceTree = "<group>"; };
		1930B782234552B0003C481C /* CategoriesGridCellComponent.swift */ = {isa = PBXFileReference; lastKnownFileType = sourcecode.swift; path = CategoriesGridCellComponent.swift; sourceTree = "<group>"; };
		193D5ACB23427AF000E0FB19 /* Fonts.swift */ = {isa = PBXFileReference; fileEncoding = 4; lastKnownFileType = sourcecode.swift; path = Fonts.swift; sourceTree = "<group>"; };
		193D5ACD23427AF000E0FB19 /* Rubik-MediumItalic.ttf */ = {isa = PBXFileReference; lastKnownFileType = file; path = "Rubik-MediumItalic.ttf"; sourceTree = "<group>"; };
		193D5ACE23427AF000E0FB19 /* Rubik-Bold.ttf */ = {isa = PBXFileReference; lastKnownFileType = file; path = "Rubik-Bold.ttf"; sourceTree = "<group>"; };
		193D5ACF23427AF000E0FB19 /* Rubik-Light.ttf */ = {isa = PBXFileReference; lastKnownFileType = file; path = "Rubik-Light.ttf"; sourceTree = "<group>"; };
		193D5AD023427AF000E0FB19 /* Rubik-Medium.ttf */ = {isa = PBXFileReference; lastKnownFileType = file; path = "Rubik-Medium.ttf"; sourceTree = "<group>"; };
		193D5AD123427AF000E0FB19 /* Rubik-Black.ttf */ = {isa = PBXFileReference; lastKnownFileType = file; path = "Rubik-Black.ttf"; sourceTree = "<group>"; };
		193D5AD223427AF000E0FB19 /* Rubik-Italic.ttf */ = {isa = PBXFileReference; lastKnownFileType = file; path = "Rubik-Italic.ttf"; sourceTree = "<group>"; };
		193D5AD323427AF000E0FB19 /* Rubik-LightItalic.ttf */ = {isa = PBXFileReference; lastKnownFileType = file; path = "Rubik-LightItalic.ttf"; sourceTree = "<group>"; };
		193D5AD423427AF000E0FB19 /* Rubik-BlackItalic.ttf */ = {isa = PBXFileReference; lastKnownFileType = file; path = "Rubik-BlackItalic.ttf"; sourceTree = "<group>"; };
		193D5AD523427AF000E0FB19 /* Rubik-Regular.ttf */ = {isa = PBXFileReference; lastKnownFileType = file; path = "Rubik-Regular.ttf"; sourceTree = "<group>"; };
		193D5AD623427AF000E0FB19 /* Rubik-BoldItalic.ttf */ = {isa = PBXFileReference; lastKnownFileType = file; path = "Rubik-BoldItalic.ttf"; sourceTree = "<group>"; };
		194A9B87234A18CE003F4C6A /* Category.swift */ = {isa = PBXFileReference; lastKnownFileType = sourcecode.swift; path = Category.swift; sourceTree = "<group>"; };
		194A9B89234A198D003F4C6A /* CategoryIcon.swift */ = {isa = PBXFileReference; lastKnownFileType = sourcecode.swift; path = CategoryIcon.swift; sourceTree = "<group>"; };
		194C245E236247A9008B8C5A /* AddCategoryViewComponent.swift */ = {isa = PBXFileReference; lastKnownFileType = sourcecode.swift; path = AddCategoryViewComponent.swift; sourceTree = "<group>"; };
		194C24842363A90F008B8C5A /* AddCategoryIconGridView.swift */ = {isa = PBXFileReference; lastKnownFileType = sourcecode.swift; path = AddCategoryIconGridView.swift; sourceTree = "<group>"; };
		194C24862363A99C008B8C5A /* AddCategoryStyleGridView.swift */ = {isa = PBXFileReference; lastKnownFileType = sourcecode.swift; path = AddCategoryStyleGridView.swift; sourceTree = "<group>"; };
		194C248923649396008B8C5A /* StatisticsViewComponent.swift */ = {isa = PBXFileReference; lastKnownFileType = sourcecode.swift; path = StatisticsViewComponent.swift; sourceTree = "<group>"; };
		197093CF2357BEDF005C3681 /* CategoriesGridAddButton.swift */ = {isa = PBXFileReference; lastKnownFileType = sourcecode.swift; path = CategoriesGridAddButton.swift; sourceTree = "<group>"; };
		197093D723721D02005C3681 /* ServiceLocator.swift */ = {isa = PBXFileReference; lastKnownFileType = sourcecode.swift; path = ServiceLocator.swift; sourceTree = "<group>"; };
		197093D923721F84005C3681 /* KeychainService.swift */ = {isa = PBXFileReference; lastKnownFileType = sourcecode.swift; path = KeychainService.swift; sourceTree = "<group>"; };
		1978049F2337A22C0032DD76 /* Groshy.app */ = {isa = PBXFileReference; explicitFileType = wrapper.application; includeInIndex = 0; path = Groshy.app; sourceTree = BUILT_PRODUCTS_DIR; };
		197804A22337A22C0032DD76 /* AppDelegate.swift */ = {isa = PBXFileReference; lastKnownFileType = sourcecode.swift; path = AppDelegate.swift; sourceTree = "<group>"; };
		197804A42337A22C0032DD76 /* SceneDelegate.swift */ = {isa = PBXFileReference; lastKnownFileType = sourcecode.swift; path = SceneDelegate.swift; sourceTree = "<group>"; };
		197804A82337A22E0032DD76 /* Assets.xcassets */ = {isa = PBXFileReference; lastKnownFileType = folder.assetcatalog; path = Assets.xcassets; sourceTree = "<group>"; };
		197804AB2337A22E0032DD76 /* Preview Assets.xcassets */ = {isa = PBXFileReference; lastKnownFileType = folder.assetcatalog; path = "Preview Assets.xcassets"; sourceTree = "<group>"; };
		197804AE2337A22E0032DD76 /* Base */ = {isa = PBXFileReference; lastKnownFileType = file.storyboard; name = Base; path = Base.lproj/LaunchScreen.storyboard; sourceTree = "<group>"; };
		197804B02337A22E0032DD76 /* Info.plist */ = {isa = PBXFileReference; lastKnownFileType = text.plist.xml; path = Info.plist; sourceTree = "<group>"; };
		198F961D236C86E800A5B6B5 /* HomeContainerView.swift */ = {isa = PBXFileReference; lastKnownFileType = sourcecode.swift; path = HomeContainerView.swift; sourceTree = "<group>"; };
		198F961F236C8A2F00A5B6B5 /* StatisticsView.swift */ = {isa = PBXFileReference; lastKnownFileType = sourcecode.swift; path = StatisticsView.swift; sourceTree = "<group>"; };
		19CFD33823428FC800D5A347 /* AppFeature.swift */ = {isa = PBXFileReference; lastKnownFileType = sourcecode.swift; path = AppFeature.swift; sourceTree = "<group>"; };
		19CFD33A2342902E00D5A347 /* AppAction.swift */ = {isa = PBXFileReference; lastKnownFileType = sourcecode.swift; path = AppAction.swift; sourceTree = "<group>"; };
		19CFD33D234290E500D5A347 /* LoggingMiddleware.swift */ = {isa = PBXFileReference; lastKnownFileType = sourcecode.swift; path = LoggingMiddleware.swift; sourceTree = "<group>"; };
		19CFD33F2342912500D5A347 /* AppReducer.swift */ = {isa = PBXFileReference; lastKnownFileType = sourcecode.swift; path = AppReducer.swift; sourceTree = "<group>"; };
		19CFD341234292C800D5A347 /* AppState.swift */ = {isa = PBXFileReference; lastKnownFileType = sourcecode.swift; path = AppState.swift; sourceTree = "<group>"; };
		19CFD3452342A00D00D5A347 /* KeyboardFeature.swift */ = {isa = PBXFileReference; lastKnownFileType = sourcecode.swift; path = KeyboardFeature.swift; sourceTree = "<group>"; };
		19CFD3472342A03900D5A347 /* KeyboardActions.swift */ = {isa = PBXFileReference; lastKnownFileType = sourcecode.swift; path = KeyboardActions.swift; sourceTree = "<group>"; };
		19CFD3492342A36300D5A347 /* KeyboardReducer.swift */ = {isa = PBXFileReference; lastKnownFileType = sourcecode.swift; path = KeyboardReducer.swift; sourceTree = "<group>"; };
		19CFD34B2342A39000D5A347 /* KeyboardState.swift */ = {isa = PBXFileReference; lastKnownFileType = sourcecode.swift; path = KeyboardState.swift; sourceTree = "<group>"; };
		19DEA0B7234D36B80075552C /* ScaledButtonStyle.swift */ = {isa = PBXFileReference; lastKnownFileType = sourcecode.swift; path = ScaledButtonStyle.swift; sourceTree = "<group>"; };
		19DEB40E234A1DBD004048D3 /* CategoryStyle.swift */ = {isa = PBXFileReference; lastKnownFileType = sourcecode.swift; path = CategoryStyle.swift; sourceTree = "<group>"; };
		19DEB411234A1E66004048D3 /* CategoriesFeature.swift */ = {isa = PBXFileReference; lastKnownFileType = sourcecode.swift; path = CategoriesFeature.swift; sourceTree = "<group>"; };
		19DEB413234A1E9D004048D3 /* CategoriesState.swift */ = {isa = PBXFileReference; lastKnownFileType = sourcecode.swift; path = CategoriesState.swift; sourceTree = "<group>"; };
		19DEB415234A1F05004048D3 /* CategoriesActions.swift */ = {isa = PBXFileReference; lastKnownFileType = sourcecode.swift; path = CategoriesActions.swift; sourceTree = "<group>"; };
		19DEB417234A2104004048D3 /* CategoriesReducer.swift */ = {isa = PBXFileReference; lastKnownFileType = sourcecode.swift; path = CategoriesReducer.swift; sourceTree = "<group>"; };
		19DEB41A234A21F3004048D3 /* Array+Normalization.swift */ = {isa = PBXFileReference; lastKnownFileType = sourcecode.swift; path = "Array+Normalization.swift"; sourceTree = "<group>"; };
		19F6C0B4234D1A8C001352C7 /* Array+Chunked.swift */ = {isa = PBXFileReference; lastKnownFileType = sourcecode.swift; path = "Array+Chunked.swift"; sourceTree = "<group>"; };
/* End PBXFileReference section */

/* Begin PBXFrameworksBuildPhase section */
		1978049C2337A22C0032DD76 /* Frameworks */ = {
			isa = PBXFrameworksBuildPhase;
			buildActionMask = 2147483647;
			files = (
				197093DD23721FA3005C3681 /* KeychainAccess in Frameworks */,
				19CFD33223428D5B00D5A347 /* SwiftUIFlux in Frameworks */,
			);
			runOnlyForDeploymentPostprocessing = 0;
		};
/* End PBXFrameworksBuildPhase section */

/* Begin PBXGroup section */
		1909F7982337A5A5002998CF /* Features */ = {
			isa = PBXGroup;
			children = (
				19CFD33723428F4E00D5A347 /* App */,
				19DEB410234A1E4C004048D3 /* Categories */,
				192166A62352648E001EFAE3 /* Hashtags */,
				19CFD3442342A00400D5A347 /* Keyboard */,
				192166932351E227001EFAE3 /* Transactions */,
			);
			path = Features;
			sourceTree = "<group>";
		};
		1909F7992337A5AF002998CF /* Components */ = {
			isa = PBXGroup;
			children = (
				194C24882364937C008B8C5A /* Statistics */,
				194C245D236242B4008B8C5A /* AddCategory */,
				192166AF23526E1D001EFAE3 /* AddHashtag */,
				1930B77F23455204003C481C /* CategoriesGrid */,
				1909F79D2337A65B002998CF /* Keyboard */,
				1909F79A2337A5CC002998CF /* Home */,
			);
			path = Components;
			sourceTree = "<group>";
		};
		1909F79A2337A5CC002998CF /* Home */ = {
			isa = PBXGroup;
			children = (
				1909F7B22338C7BF002998CF /* AddHashtagButton.swift */,
				1909F7A12337B095002998CF /* CurrentTransactionValueView.swift */,
				1930B77D23455024003C481C /* HomeBottomViewComponent.swift */,
				192166A423525557001EFAE3 /* HomeHeaderViewComponent.swift */,
				1909F79B2337A5EE002998CF /* HomeView.swift */,
				198F961D236C86E800A5B6B5 /* HomeContainerView.swift */,
			);
			path = Home;
			sourceTree = "<group>";
		};
		1909F79D2337A65B002998CF /* Keyboard */ = {
			isa = PBXGroup;
			children = (
				1909F7AB2338C242002998CF /* DeleteButton.swift */,
				1909F7A92338C15A002998CF /* DigitButton.swift */,
				1909F79E2337A66A002998CF /* KeyboardView.swift */,
			);
			path = Keyboard;
			sourceTree = "<group>";
		};
		1909F7A32337F2FC002998CF /* Assets */ = {
			isa = PBXGroup;
			children = (
				1909F7A42337F30F002998CF /* Colors.swift */,
				1909F7A62337F6B4002998CF /* Images.swift */,
			);
			path = Assets;
			sourceTree = "<group>";
		};
		1909F7AD2338C2E8002998CF /* Shared */ = {
			isa = PBXGroup;
			children = (
				192166B2235375C7001EFAE3 /* AdaptsToSoftwareKeyboard.swift */,
				1909F7B02338C4E6002998CF /* BigPrimaryButton.swift */,
				192166B4235377AB001EFAE3 /* CustomTextField.swift */,
				1909F7AE2338C339002998CF /* ImageButton.swift */,
				19DEA0B7234D36B80075552C /* ScaledButtonStyle.swift */,
			);
			path = Shared;
			sourceTree = "<group>";
		};
		192166932351E227001EFAE3 /* Transactions */ = {
			isa = PBXGroup;
			children = (
				192166962351E359001EFAE3 /* TransactionsActions.swift */,
				192166942351E330001EFAE3 /* TransactionsFeature.swift */,
				1921669E2351E780001EFAE3 /* TransactionsReducer.swift */,
				192166A02351E7A8001EFAE3 /* TransactionsState.swift */,
			);
			path = Transactions;
			sourceTree = "<group>";
		};
		192166A62352648E001EFAE3 /* Hashtags */ = {
			isa = PBXGroup;
			children = (
				192166AB23526532001EFAE3 /* HashtagsActions.swift */,
				192166A7235264A2001EFAE3 /* HashtagsFeature.swift */,
				192166AD23526877001EFAE3 /* HashtagsReducer.swift */,
				192166A9235264C0001EFAE3 /* HashtagsState.swift */,
			);
			path = Hashtags;
			sourceTree = "<group>";
		};
		192166AF23526E1D001EFAE3 /* AddHashtag */ = {
			isa = PBXGroup;
			children = (
				192166B023526E3D001EFAE3 /* AddHashtagViewComponent.swift */,
				192166B6235392D1001EFAE3 /* HashtagView.swift */,
			);
			path = AddHashtag;
			sourceTree = "<group>";
		};
		1930B77F23455204003C481C /* CategoriesGrid */ = {
			isa = PBXGroup;
			children = (
				197093CF2357BEDF005C3681 /* CategoriesGridAddButton.swift */,
				1930B782234552B0003C481C /* CategoriesGridCellComponent.swift */,
				1930B78023455234003C481C /* CategoriesGridViewComponent.swift */,
			);
			path = CategoriesGrid;
			sourceTree = "<group>";
		};
		193D5ACA23427AF000E0FB19 /* Fonts */ = {
			isa = PBXGroup;
			children = (
				193D5ACB23427AF000E0FB19 /* Fonts.swift */,
				193D5ACC23427AF000E0FB19 /* Rubic */,
			);
			path = Fonts;
			sourceTree = "<group>";
		};
		193D5ACC23427AF000E0FB19 /* Rubic */ = {
			isa = PBXGroup;
			children = (
				193D5ACD23427AF000E0FB19 /* Rubik-MediumItalic.ttf */,
				193D5ACE23427AF000E0FB19 /* Rubik-Bold.ttf */,
				193D5ACF23427AF000E0FB19 /* Rubik-Light.ttf */,
				193D5AD023427AF000E0FB19 /* Rubik-Medium.ttf */,
				193D5AD123427AF000E0FB19 /* Rubik-Black.ttf */,
				193D5AD223427AF000E0FB19 /* Rubik-Italic.ttf */,
				193D5AD323427AF000E0FB19 /* Rubik-LightItalic.ttf */,
				193D5AD423427AF000E0FB19 /* Rubik-BlackItalic.ttf */,
				193D5AD523427AF000E0FB19 /* Rubik-Regular.ttf */,
				193D5AD623427AF000E0FB19 /* Rubik-BoldItalic.ttf */,
			);
			path = Rubic;
			sourceTree = "<group>";
		};
		194A9B86234A18BC003F4C6A /* Models */ = {
			isa = PBXGroup;
			children = (
				194A9B87234A18CE003F4C6A /* Category.swift */,
				194A9B89234A198D003F4C6A /* CategoryIcon.swift */,
				19DEB40E234A1DBD004048D3 /* CategoryStyle.swift */,
				1921669A2351E3F9001EFAE3 /* Hashtag.swift */,
				192166982351E3AD001EFAE3 /* Transaction.swift */,
				1921669C2351E457001EFAE3 /* TransactionFilter.swift */,
			);
			path = Models;
			sourceTree = "<group>";
		};
		194C245D236242B4008B8C5A /* AddCategory */ = {
			isa = PBXGroup;
			children = (
				194C245E236247A9008B8C5A /* AddCategoryViewComponent.swift */,
				194C24842363A90F008B8C5A /* AddCategoryIconGridView.swift */,
				194C24862363A99C008B8C5A /* AddCategoryStyleGridView.swift */,
			);
			path = AddCategory;
			sourceTree = "<group>";
		};
		194C24882364937C008B8C5A /* Statistics */ = {
			isa = PBXGroup;
			children = (
				194C248923649396008B8C5A /* StatisticsViewComponent.swift */,
				198F961F236C8A2F00A5B6B5 /* StatisticsView.swift */,
			);
			path = Statistics;
			sourceTree = "<group>";
		};
		197093D4237214F8005C3681 /* Services */ = {
			isa = PBXGroup;
			children = (
				197093D723721D02005C3681 /* ServiceLocator.swift */,
				197093D923721F84005C3681 /* KeychainService.swift */,
			);
			path = Services;
			sourceTree = "<group>";
		};
		197804962337A22C0032DD76 = {
			isa = PBXGroup;
			children = (
				197804A12337A22C0032DD76 /* Sources */,
				197804A02337A22C0032DD76 /* Products */,
			);
			sourceTree = "<group>";
		};
		197804A02337A22C0032DD76 /* Products */ = {
			isa = PBXGroup;
			children = (
				1978049F2337A22C0032DD76 /* Groshy.app */,
			);
			name = Products;
			sourceTree = "<group>";
		};
		197804A12337A22C0032DD76 /* Sources */ = {
			isa = PBXGroup;
			children = (
				197093D4237214F8005C3681 /* Services */,
				197804B62337A30A0032DD76 /* App */,
				19DEB419234A21E1004048D3 /* Extensions */,
				1909F7982337A5A5002998CF /* Features */,
				19CFD33C234290D500D5A347 /* Middlewares */,
				194A9B86234A18BC003F4C6A /* Models */,
				197804B72337A3420032DD76 /* Resources */,
				19CFD3432342953800D5A347 /* Views */,
			);
			path = Sources;
			sourceTree = "<group>";
		};
		197804AA2337A22E0032DD76 /* Preview Content */ = {
			isa = PBXGroup;
			children = (
				197804AB2337A22E0032DD76 /* Preview Assets.xcassets */,
			);
			path = "Preview Content";
			sourceTree = "<group>";
		};
		197804B62337A30A0032DD76 /* App */ = {
			isa = PBXGroup;
			children = (
				197804A22337A22C0032DD76 /* AppDelegate.swift */,
				197804A42337A22C0032DD76 /* SceneDelegate.swift */,
				197804B02337A22E0032DD76 /* Info.plist */,
			);
			path = App;
			sourceTree = "<group>";
		};
		197804B72337A3420032DD76 /* Resources */ = {
			isa = PBXGroup;
			children = (
				1909F7A32337F2FC002998CF /* Assets */,
				193D5ACA23427AF000E0FB19 /* Fonts */,
				197804AA2337A22E0032DD76 /* Preview Content */,
				197804A82337A22E0032DD76 /* Assets.xcassets */,
				197804AD2337A22E0032DD76 /* LaunchScreen.storyboard */,
			);
			path = Resources;
			sourceTree = "<group>";
		};
		19CFD33723428F4E00D5A347 /* App */ = {
			isa = PBXGroup;
			children = (
				19CFD33A2342902E00D5A347 /* AppAction.swift */,
				19CFD33823428FC800D5A347 /* AppFeature.swift */,
				19CFD33F2342912500D5A347 /* AppReducer.swift */,
				19CFD341234292C800D5A347 /* AppState.swift */,
			);
			path = App;
			sourceTree = "<group>";
		};
		19CFD33C234290D500D5A347 /* Middlewares */ = {
			isa = PBXGroup;
			children = (
				19CFD33D234290E500D5A347 /* LoggingMiddleware.swift */,
			);
			path = Middlewares;
			sourceTree = "<group>";
		};
		19CFD3432342953800D5A347 /* Views */ = {
			isa = PBXGroup;
			children = (
				1909F7AD2338C2E8002998CF /* Shared */,
				1909F7992337A5AF002998CF /* Components */,
			);
			path = Views;
			sourceTree = "<group>";
		};
		19CFD3442342A00400D5A347 /* Keyboard */ = {
			isa = PBXGroup;
			children = (
				19CFD3472342A03900D5A347 /* KeyboardActions.swift */,
				19CFD3452342A00D00D5A347 /* KeyboardFeature.swift */,
				19CFD3492342A36300D5A347 /* KeyboardReducer.swift */,
				19CFD34B2342A39000D5A347 /* KeyboardState.swift */,
			);
			path = Keyboard;
			sourceTree = "<group>";
		};
		19DEB410234A1E4C004048D3 /* Categories */ = {
			isa = PBXGroup;
			children = (
				19DEB415234A1F05004048D3 /* CategoriesActions.swift */,
				19DEB411234A1E66004048D3 /* CategoriesFeature.swift */,
				19DEB417234A2104004048D3 /* CategoriesReducer.swift */,
				19DEB413234A1E9D004048D3 /* CategoriesState.swift */,
			);
			path = Categories;
			sourceTree = "<group>";
		};
		19DEB419234A21E1004048D3 /* Extensions */ = {
			isa = PBXGroup;
			children = (
				19F6C0B4234D1A8C001352C7 /* Array+Chunked.swift */,
				19DEB41A234A21F3004048D3 /* Array+Normalization.swift */,
				192166A223520A0E001EFAE3 /* NumberFormatter+Currency.swift */,
			);
			path = Extensions;
			sourceTree = "<group>";
		};
/* End PBXGroup section */

/* Begin PBXNativeTarget section */
		1978049E2337A22C0032DD76 /* Groshy */ = {
			isa = PBXNativeTarget;
			buildConfigurationList = 197804B32337A22E0032DD76 /* Build configuration list for PBXNativeTarget "Groshy" */;
			buildPhases = (
				1978049B2337A22C0032DD76 /* Sources */,
				1978049C2337A22C0032DD76 /* Frameworks */,
				1978049D2337A22C0032DD76 /* Resources */,
			);
			buildRules = (
			);
			dependencies = (
			);
			name = Groshy;
			packageProductDependencies = (
				19CFD33123428D5B00D5A347 /* SwiftUIFlux */,
				197093DC23721FA3005C3681 /* KeychainAccess */,
			);
			productName = Groshy;
			productReference = 1978049F2337A22C0032DD76 /* Groshy.app */;
			productType = "com.apple.product-type.application";
		};
/* End PBXNativeTarget section */

/* Begin PBXProject section */
		197804972337A22C0032DD76 /* Project object */ = {
			isa = PBXProject;
			attributes = {
				LastSwiftUpdateCheck = 1100;
				LastUpgradeCheck = 1100;
				ORGANIZATIONNAME = "Dmitry Ivanenko";
				TargetAttributes = {
					1978049E2337A22C0032DD76 = {
						CreatedOnToolsVersion = 11.0;
					};
				};
			};
			buildConfigurationList = 1978049A2337A22C0032DD76 /* Build configuration list for PBXProject "Groshy" */;
			compatibilityVersion = "Xcode 9.3";
			developmentRegion = en;
			hasScannedForEncodings = 0;
			knownRegions = (
				en,
				Base,
			);
			mainGroup = 197804962337A22C0032DD76;
			packageReferences = (
				19CFD33023428D5B00D5A347 /* XCRemoteSwiftPackageReference "SwiftUIFlux" */,
				197093DB23721FA3005C3681 /* XCRemoteSwiftPackageReference "KeychainAccess" */,
			);
			productRefGroup = 197804A02337A22C0032DD76 /* Products */;
			projectDirPath = "";
			projectRoot = "";
			targets = (
				1978049E2337A22C0032DD76 /* Groshy */,
			);
		};
/* End PBXProject section */

/* Begin PBXResourcesBuildPhase section */
		1978049D2337A22C0032DD76 /* Resources */ = {
			isa = PBXResourcesBuildPhase;
			buildActionMask = 2147483647;
			files = (
				197804AF2337A22E0032DD76 /* LaunchScreen.storyboard in Resources */,
				193D5AE023427AF000E0FB19 /* Rubik-Regular.ttf in Resources */,
				193D5ADE23427AF000E0FB19 /* Rubik-LightItalic.ttf in Resources */,
				193D5ADA23427AF000E0FB19 /* Rubik-Light.ttf in Resources */,
				193D5ADC23427AF000E0FB19 /* Rubik-Black.ttf in Resources */,
				197804AC2337A22E0032DD76 /* Preview Assets.xcassets in Resources */,
				193D5ADF23427AF000E0FB19 /* Rubik-BlackItalic.ttf in Resources */,
				197804A92337A22E0032DD76 /* Assets.xcassets in Resources */,
				193D5ADD23427AF000E0FB19 /* Rubik-Italic.ttf in Resources */,
				193D5AD823427AF000E0FB19 /* Rubik-MediumItalic.ttf in Resources */,
				193D5AD923427AF000E0FB19 /* Rubik-Bold.ttf in Resources */,
				193D5AE123427AF000E0FB19 /* Rubik-BoldItalic.ttf in Resources */,
				193D5ADB23427AF000E0FB19 /* Rubik-Medium.ttf in Resources */,
			);
			runOnlyForDeploymentPostprocessing = 0;
		};
/* End PBXResourcesBuildPhase section */

/* Begin PBXSourcesBuildPhase section */
		1978049B2337A22C0032DD76 /* Sources */ = {
			isa = PBXSourcesBuildPhase;
			buildActionMask = 2147483647;
			files = (
				194C245F236247A9008B8C5A /* AddCategoryViewComponent.swift in Sources */,
				192166B5235377AB001EFAE3 /* CustomTextField.swift in Sources */,
				197093D02357BEDF005C3681 /* CategoriesGridAddButton.swift in Sources */,
				192166A323520A0E001EFAE3 /* NumberFormatter+Currency.swift in Sources */,
				192166B123526E3D001EFAE3 /* AddHashtagViewComponent.swift in Sources */,
				1909F7A72337F6B4002998CF /* Images.swift in Sources */,
				1909F7B12338C4E6002998CF /* BigPrimaryButton.swift in Sources */,
				192166B3235375C7001EFAE3 /* AdaptsToSoftwareKeyboard.swift in Sources */,
				19DEB418234A2104004048D3 /* CategoriesReducer.swift in Sources */,
				192166AC23526532001EFAE3 /* HashtagsActions.swift in Sources */,
				19CFD3402342912500D5A347 /* AppReducer.swift in Sources */,
				19CFD342234292C800D5A347 /* AppState.swift in Sources */,
				194C24852363A90F008B8C5A /* AddCategoryIconGridView.swift in Sources */,
				192166992351E3AD001EFAE3 /* Transaction.swift in Sources */,
				192166972351E359001EFAE3 /* TransactionsActions.swift in Sources */,
				1921669B2351E3F9001EFAE3 /* Hashtag.swift in Sources */,
				1921669F2351E780001EFAE3 /* TransactionsReducer.swift in Sources */,
				1909F7AA2338C15A002998CF /* DigitButton.swift in Sources */,
				1909F7AF2338C339002998CF /* ImageButton.swift in Sources */,
				19CFD3482342A03900D5A347 /* KeyboardActions.swift in Sources */,
				1930B783234552B0003C481C /* CategoriesGridCellComponent.swift in Sources */,
				197093DA23721F84005C3681 /* KeychainService.swift in Sources */,
				1909F7A22337B095002998CF /* CurrentTransactionValueView.swift in Sources */,
				192166A12351E7A8001EFAE3 /* TransactionsState.swift in Sources */,
				198F961E236C86E800A5B6B5 /* HomeContainerView.swift in Sources */,
				19F6C0B5234D1A8C001352C7 /* Array+Chunked.swift in Sources */,
				19DEB40F234A1DBD004048D3 /* CategoryStyle.swift in Sources */,
				194A9B88234A18CE003F4C6A /* Category.swift in Sources */,
				1909F7A52337F310002998CF /* Colors.swift in Sources */,
				192166B7235392D1001EFAE3 /* HashtagView.swift in Sources */,
				192166A523525557001EFAE3 /* HomeHeaderViewComponent.swift in Sources */,
				193D5AD723427AF000E0FB19 /* Fonts.swift in Sources */,
				194A9B8A234A198D003F4C6A /* CategoryIcon.swift in Sources */,
				19CFD33E234290E500D5A347 /* LoggingMiddleware.swift in Sources */,
				19CFD33B2342902E00D5A347 /* AppAction.swift in Sources */,
				19DEA0B8234D36B80075552C /* ScaledButtonStyle.swift in Sources */,
				198F9620236C8A2F00A5B6B5 /* StatisticsView.swift in Sources */,
				197093D823721D02005C3681 /* ServiceLocator.swift in Sources */,
				192166AA235264C0001EFAE3 /* HashtagsState.swift in Sources */,
				19CFD3462342A00D00D5A347 /* KeyboardFeature.swift in Sources */,
				19DEB414234A1E9D004048D3 /* CategoriesState.swift in Sources */,
				1909F7B32338C7BF002998CF /* AddHashtagButton.swift in Sources */,
				1930B77E23455024003C481C /* HomeBottomViewComponent.swift in Sources */,
				197804A32337A22C0032DD76 /* AppDelegate.swift in Sources */,
				1909F7AC2338C242002998CF /* DeleteButton.swift in Sources */,
				192166A8235264A2001EFAE3 /* HashtagsFeature.swift in Sources */,
				194C24872363A99C008B8C5A /* AddCategoryStyleGridView.swift in Sources */,
				19CFD34C2342A39000D5A347 /* KeyboardState.swift in Sources */,
				19DEB412234A1E66004048D3 /* CategoriesFeature.swift in Sources */,
				1930B78123455234003C481C /* CategoriesGridViewComponent.swift in Sources */,
				19DEB41B234A21F3004048D3 /* Array+Normalization.swift in Sources */,
				1921669D2351E457001EFAE3 /* TransactionFilter.swift in Sources */,
				194C248A23649396008B8C5A /* StatisticsViewComponent.swift in Sources */,
				1909F79F2337A66A002998CF /* KeyboardView.swift in Sources */,
				19DEB416234A1F05004048D3 /* CategoriesActions.swift in Sources */,
				1909F79C2337A5EE002998CF /* HomeView.swift in Sources */,
				19CFD34A2342A36300D5A347 /* KeyboardReducer.swift in Sources */,
				19CFD33923428FC800D5A347 /* AppFeature.swift in Sources */,
				197804A52337A22C0032DD76 /* SceneDelegate.swift in Sources */,
				192166952351E330001EFAE3 /* TransactionsFeature.swift in Sources */,
				192166AE23526877001EFAE3 /* HashtagsReducer.swift in Sources */,
			);
			runOnlyForDeploymentPostprocessing = 0;
		};
/* End PBXSourcesBuildPhase section */

/* Begin PBXVariantGroup section */
		197804AD2337A22E0032DD76 /* LaunchScreen.storyboard */ = {
			isa = PBXVariantGroup;
			children = (
				197804AE2337A22E0032DD76 /* Base */,
			);
			name = LaunchScreen.storyboard;
			sourceTree = "<group>";
		};
/* End PBXVariantGroup section */

/* Begin XCBuildConfiguration section */
		197804B12337A22E0032DD76 /* Debug */ = {
			isa = XCBuildConfiguration;
			buildSettings = {
				ALWAYS_SEARCH_USER_PATHS = NO;
				CLANG_ANALYZER_NONNULL = YES;
				CLANG_ANALYZER_NUMBER_OBJECT_CONVERSION = YES_AGGRESSIVE;
				CLANG_CXX_LANGUAGE_STANDARD = "gnu++14";
				CLANG_CXX_LIBRARY = "libc++";
				CLANG_ENABLE_MODULES = YES;
				CLANG_ENABLE_OBJC_ARC = YES;
				CLANG_ENABLE_OBJC_WEAK = YES;
				CLANG_WARN_BLOCK_CAPTURE_AUTORELEASING = YES;
				CLANG_WARN_BOOL_CONVERSION = YES;
				CLANG_WARN_COMMA = YES;
				CLANG_WARN_CONSTANT_CONVERSION = YES;
				CLANG_WARN_DEPRECATED_OBJC_IMPLEMENTATIONS = YES;
				CLANG_WARN_DIRECT_OBJC_ISA_USAGE = YES_ERROR;
				CLANG_WARN_DOCUMENTATION_COMMENTS = YES;
				CLANG_WARN_EMPTY_BODY = YES;
				CLANG_WARN_ENUM_CONVERSION = YES;
				CLANG_WARN_INFINITE_RECURSION = YES;
				CLANG_WARN_INT_CONVERSION = YES;
				CLANG_WARN_NON_LITERAL_NULL_CONVERSION = YES;
				CLANG_WARN_OBJC_IMPLICIT_RETAIN_SELF = YES;
				CLANG_WARN_OBJC_LITERAL_CONVERSION = YES;
				CLANG_WARN_OBJC_ROOT_CLASS = YES_ERROR;
				CLANG_WARN_RANGE_LOOP_ANALYSIS = YES;
				CLANG_WARN_STRICT_PROTOTYPES = YES;
				CLANG_WARN_SUSPICIOUS_MOVE = YES;
				CLANG_WARN_UNGUARDED_AVAILABILITY = YES_AGGRESSIVE;
				CLANG_WARN_UNREACHABLE_CODE = YES;
				CLANG_WARN__DUPLICATE_METHOD_MATCH = YES;
				COPY_PHASE_STRIP = NO;
				DEBUG_INFORMATION_FORMAT = dwarf;
				ENABLE_STRICT_OBJC_MSGSEND = YES;
				ENABLE_TESTABILITY = YES;
				GCC_C_LANGUAGE_STANDARD = gnu11;
				GCC_DYNAMIC_NO_PIC = NO;
				GCC_NO_COMMON_BLOCKS = YES;
				GCC_OPTIMIZATION_LEVEL = 0;
				GCC_PREPROCESSOR_DEFINITIONS = (
					"DEBUG=1",
					"$(inherited)",
				);
				GCC_WARN_64_TO_32_BIT_CONVERSION = YES;
				GCC_WARN_ABOUT_RETURN_TYPE = YES_ERROR;
				GCC_WARN_UNDECLARED_SELECTOR = YES;
				GCC_WARN_UNINITIALIZED_AUTOS = YES_AGGRESSIVE;
				GCC_WARN_UNUSED_FUNCTION = YES;
				GCC_WARN_UNUSED_VARIABLE = YES;
				IPHONEOS_DEPLOYMENT_TARGET = 13.0;
				MTL_ENABLE_DEBUG_INFO = INCLUDE_SOURCE;
				MTL_FAST_MATH = YES;
				ONLY_ACTIVE_ARCH = YES;
				SDKROOT = iphoneos;
				SWIFT_ACTIVE_COMPILATION_CONDITIONS = DEBUG;
				SWIFT_OPTIMIZATION_LEVEL = "-Onone";
			};
			name = Debug;
		};
		197804B22337A22E0032DD76 /* Release */ = {
			isa = XCBuildConfiguration;
			buildSettings = {
				ALWAYS_SEARCH_USER_PATHS = NO;
				CLANG_ANALYZER_NONNULL = YES;
				CLANG_ANALYZER_NUMBER_OBJECT_CONVERSION = YES_AGGRESSIVE;
				CLANG_CXX_LANGUAGE_STANDARD = "gnu++14";
				CLANG_CXX_LIBRARY = "libc++";
				CLANG_ENABLE_MODULES = YES;
				CLANG_ENABLE_OBJC_ARC = YES;
				CLANG_ENABLE_OBJC_WEAK = YES;
				CLANG_WARN_BLOCK_CAPTURE_AUTORELEASING = YES;
				CLANG_WARN_BOOL_CONVERSION = YES;
				CLANG_WARN_COMMA = YES;
				CLANG_WARN_CONSTANT_CONVERSION = YES;
				CLANG_WARN_DEPRECATED_OBJC_IMPLEMENTATIONS = YES;
				CLANG_WARN_DIRECT_OBJC_ISA_USAGE = YES_ERROR;
				CLANG_WARN_DOCUMENTATION_COMMENTS = YES;
				CLANG_WARN_EMPTY_BODY = YES;
				CLANG_WARN_ENUM_CONVERSION = YES;
				CLANG_WARN_INFINITE_RECURSION = YES;
				CLANG_WARN_INT_CONVERSION = YES;
				CLANG_WARN_NON_LITERAL_NULL_CONVERSION = YES;
				CLANG_WARN_OBJC_IMPLICIT_RETAIN_SELF = YES;
				CLANG_WARN_OBJC_LITERAL_CONVERSION = YES;
				CLANG_WARN_OBJC_ROOT_CLASS = YES_ERROR;
				CLANG_WARN_RANGE_LOOP_ANALYSIS = YES;
				CLANG_WARN_STRICT_PROTOTYPES = YES;
				CLANG_WARN_SUSPICIOUS_MOVE = YES;
				CLANG_WARN_UNGUARDED_AVAILABILITY = YES_AGGRESSIVE;
				CLANG_WARN_UNREACHABLE_CODE = YES;
				CLANG_WARN__DUPLICATE_METHOD_MATCH = YES;
				COPY_PHASE_STRIP = NO;
				DEBUG_INFORMATION_FORMAT = "dwarf-with-dsym";
				ENABLE_NS_ASSERTIONS = NO;
				ENABLE_STRICT_OBJC_MSGSEND = YES;
				GCC_C_LANGUAGE_STANDARD = gnu11;
				GCC_NO_COMMON_BLOCKS = YES;
				GCC_WARN_64_TO_32_BIT_CONVERSION = YES;
				GCC_WARN_ABOUT_RETURN_TYPE = YES_ERROR;
				GCC_WARN_UNDECLARED_SELECTOR = YES;
				GCC_WARN_UNINITIALIZED_AUTOS = YES_AGGRESSIVE;
				GCC_WARN_UNUSED_FUNCTION = YES;
				GCC_WARN_UNUSED_VARIABLE = YES;
				IPHONEOS_DEPLOYMENT_TARGET = 13.0;
				MTL_ENABLE_DEBUG_INFO = NO;
				MTL_FAST_MATH = YES;
				SDKROOT = iphoneos;
				SWIFT_COMPILATION_MODE = wholemodule;
				SWIFT_OPTIMIZATION_LEVEL = "-O";
				VALIDATE_PRODUCT = YES;
			};
			name = Release;
		};
		197804B42337A22E0032DD76 /* Debug */ = {
			isa = XCBuildConfiguration;
			buildSettings = {
				ASSETCATALOG_COMPILER_APPICON_NAME = AppIcon;
				CODE_SIGN_STYLE = Automatic;
				DEVELOPMENT_ASSET_PATHS = "\"Sources/Resources/Preview Content\"";
				DEVELOPMENT_TEAM = EP4DBFYCG5;
				ENABLE_PREVIEWS = YES;
				INFOPLIST_FILE = Sources/App/Info.plist;
				LD_RUNPATH_SEARCH_PATHS = (
					"$(inherited)",
					"@executable_path/Frameworks",
				);
				PRODUCT_BUNDLE_IDENTIFIER = groshy.io.Groshy;
				PRODUCT_NAME = "$(TARGET_NAME)";
				SWIFT_VERSION = 5.0;
				TARGETED_DEVICE_FAMILY = 1;
			};
			name = Debug;
		};
		197804B52337A22E0032DD76 /* Release */ = {
			isa = XCBuildConfiguration;
			buildSettings = {
				ASSETCATALOG_COMPILER_APPICON_NAME = AppIcon;
				CODE_SIGN_STYLE = Automatic;
				DEVELOPMENT_ASSET_PATHS = "\"Sources/Resources/Preview Content\"";
				DEVELOPMENT_TEAM = EP4DBFYCG5;
				ENABLE_PREVIEWS = YES;
				INFOPLIST_FILE = Sources/App/Info.plist;
				LD_RUNPATH_SEARCH_PATHS = (
					"$(inherited)",
					"@executable_path/Frameworks",
				);
				PRODUCT_BUNDLE_IDENTIFIER = groshy.io.Groshy;
				PRODUCT_NAME = "$(TARGET_NAME)";
				SWIFT_VERSION = 5.0;
				TARGETED_DEVICE_FAMILY = 1;
			};
			name = Release;
		};
/* End XCBuildConfiguration section */

/* Begin XCConfigurationList section */
		1978049A2337A22C0032DD76 /* Build configuration list for PBXProject "Groshy" */ = {
			isa = XCConfigurationList;
			buildConfigurations = (
				197804B12337A22E0032DD76 /* Debug */,
				197804B22337A22E0032DD76 /* Release */,
			);
			defaultConfigurationIsVisible = 0;
			defaultConfigurationName = Release;
		};
		197804B32337A22E0032DD76 /* Build configuration list for PBXNativeTarget "Groshy" */ = {
			isa = XCConfigurationList;
			buildConfigurations = (
				197804B42337A22E0032DD76 /* Debug */,
				197804B52337A22E0032DD76 /* Release */,
			);
			defaultConfigurationIsVisible = 0;
			defaultConfigurationName = Release;
		};
/* End XCConfigurationList section */

/* Begin XCRemoteSwiftPackageReference section */
		197093DB23721FA3005C3681 /* XCRemoteSwiftPackageReference "KeychainAccess" */ = {
			isa = XCRemoteSwiftPackageReference;
			repositoryURL = "https://github.com/kishikawakatsumi/KeychainAccess";
			requirement = {
				kind = upToNextMajorVersion;
				minimumVersion = 4.1.0;
			};
		};
		19CFD33023428D5B00D5A347 /* XCRemoteSwiftPackageReference "SwiftUIFlux" */ = {
			isa = XCRemoteSwiftPackageReference;
			repositoryURL = "https://github.com/Dimillian/SwiftUIFlux";
			requirement = {
				kind = upToNextMajorVersion;
				minimumVersion = 0.4.5;
			};
		};
/* End XCRemoteSwiftPackageReference section */

/* Begin XCSwiftPackageProductDependency section */
		197093DC23721FA3005C3681 /* KeychainAccess */ = {
			isa = XCSwiftPackageProductDependency;
			package = 197093DB23721FA3005C3681 /* XCRemoteSwiftPackageReference "KeychainAccess" */;
			productName = KeychainAccess;
		};
		19CFD33123428D5B00D5A347 /* SwiftUIFlux */ = {
			isa = XCSwiftPackageProductDependency;
			package = 19CFD33023428D5B00D5A347 /* XCRemoteSwiftPackageReference "SwiftUIFlux" */;
			productName = SwiftUIFlux;
		};
/* End XCSwiftPackageProductDependency section */
	};
	rootObject = 197804972337A22C0032DD76 /* Project object */;
}
